
Microsoft Visual Studio Solution File, Format Version 12.00
# Visual Studio Version 17
VisualStudioVersion = 17.14.36429.23
MinimumVisualStudioVersion = 10.0.40219.1
Project("{FAE04EC0-301F-11D3-BF4B-00C04F79EFBC}") = "Filmatch", "Filmatch\Filmatch.csproj", "{418E5989-E173-44D4-BE58-52E4E53F6485}"
EndProject
Project("{FAE04EC0-301F-11D3-BF4B-00C04F79EFBC}") = "Filmatch.Tests", "Filmatch.Tests\Filmatch.Tests.csproj", "{FC4DFAB6-B563-4EAD-8A24-4066EA710743}"
EndProject
Global
	GlobalSection(SolutionConfigurationPlatforms) = preSolution
		Debug|Any CPU = Debug|Any CPU
		Release|Any CPU = Release|Any CPU
	EndGlobalSection
	GlobalSection(ProjectConfigurationPlatforms) = postSolution
		{418E5989-E173-44D4-BE58-52E4E53F6485}.Debug|Any CPU.ActiveCfg = Debug|Any CPU
		{418E5989-E173-44D4-BE58-52E4E53F6485}.Debug|Any CPU.Build.0 = Debug|Any CPU
		{418E5989-E173-44D4-BE58-52E4E53F6485}.Release|Any CPU.ActiveCfg = Release|Any CPU
		{418E5989-E173-44D4-BE58-52E4E53F6485}.Release|Any CPU.Build.0 = Release|Any CPU
		{FC4DFAB6-B563-4EAD-8A24-4066EA710743}.Debug|Any CPU.ActiveCfg = Debug|Any CPU
		{FC4DFAB6-B563-4EAD-8A24-4066EA710743}.Debug|Any CPU.Build.0 = Debug|Any CPU
		{FC4DFAB6-B563-4EAD-8A24-4066EA710743}.Release|Any CPU.ActiveCfg = Release|Any CPU
		{FC4DFAB6-B563-4EAD-8A24-4066EA710743}.Release|Any CPU.Build.0 = Release|Any CPU
	EndGlobalSection
	GlobalSection(SolutionProperties) = preSolution
		HideSolutionNode = FALSE
	EndGlobalSection
	GlobalSection(ExtensibilityGlobals) = postSolution
		SolutionGuid = {D50E2C58-25DA-4126-82A4-6E70223D71C5}
	EndGlobalSection
EndGlobal
